
Microsoft Visual Studio Solution File, Format Version 12.00
# Visual Studio Version 16
VisualStudioVersion = 16.0.31624.102
MinimumVisualStudioVersion = 10.0.40219.1
Project("{FAE04EC0-301F-11D3-BF4B-00C04F79EFBC}") = "Matematyka", "Matematyka\Matematyka.csproj", "{8DB0C3C6-B6B0-45C4-BF6D-B85F217AB1AB}"
EndProject
Global
	GlobalSection(SolutionConfigurationPlatforms) = preSolution
		Debug|Any CPU = Debug|Any CPU
		Release|Any CPU = Release|Any CPU
	EndGlobalSection
	GlobalSection(ProjectConfigurationPlatforms) = postSolution
		{8DB0C3C6-B6B0-45C4-BF6D-B85F217AB1AB}.Debug|Any CPU.ActiveCfg = Debug|Any CPU
		{8DB0C3C6-B6B0-45C4-BF6D-B85F217AB1AB}.Debug|Any CPU.Build.0 = Debug|Any CPU
		{8DB0C3C6-B6B0-45C4-BF6D-B85F217AB1AB}.Release|Any CPU.ActiveCfg = Release|Any CPU
		{8DB0C3C6-B6B0-45C4-BF6D-B85F217AB1AB}.Release|Any CPU.Build.0 = Release|Any CPU
	EndGlobalSection
	GlobalSection(SolutionProperties) = preSolution
		HideSolutionNode = FALSE
	EndGlobalSection
	GlobalSection(ExtensibilityGlobals) = postSolution
		SolutionGuid = {9CD15945-4FD1-4D9A-863B-C4B314C26103}
	EndGlobalSection
EndGlobal
